
Microsoft Visual Studio Solution File, Format Version 12.00
Project("{FAE04EC0-301F-11D3-BF4B-00C04F79EFBC}") = "GameMonitorWorker", "GameMonitorWorker\GameMonitorWorker.csproj", "{C83583C1-3377-472A-A6BA-C4D53FF7ECEC}"
EndProject
Global
	GlobalSection(SolutionConfigurationPlatforms) = preSolution
		Debug|Any CPU = Debug|Any CPU
		Release|Any CPU = Release|Any CPU
	EndGlobalSection
	GlobalSection(ProjectConfigurationPlatforms) = postSolution
		{C83583C1-3377-472A-A6BA-C4D53FF7ECEC}.Debug|Any CPU.ActiveCfg = Debug|Any CPU
		{C83583C1-3377-472A-A6BA-C4D53FF7ECEC}.Debug|Any CPU.Build.0 = Debug|Any CPU
		{C83583C1-3377-472A-A6BA-C4D53FF7ECEC}.Release|Any CPU.ActiveCfg = Release|Any CPU
		{C83583C1-3377-472A-A6BA-C4D53FF7ECEC}.Release|Any CPU.Build.0 = Release|Any CPU
	EndGlobalSection
EndGlobal
